// !$*UTF8*$!
{
	archiveVersion = 1;
	classes = {
	};
	objectVersion = 46;
	objects = {

/* Begin PBXAggregateTarget section */
		"Common::CommonPackageTests::ProductTarget" /* CommonPackageTests */ = {
			isa = PBXAggregateTarget;
			buildConfigurationList = OBJ_123 /* Build configuration list for PBXAggregateTarget "CommonPackageTests" */;
			buildPhases = (
			);
			dependencies = (
				OBJ_126 /* PBXTargetDependency */,
			);
			name = CommonPackageTests;
			productName = CommonPackageTests;
		};
/* End PBXAggregateTarget section */

/* Begin PBXBuildFile section */
		OBJ_100 /* Either.swift in Sources */ = {isa = PBXBuildFile; fileRef = OBJ_41 /* Either.swift */; };
		OBJ_101 /* EndpointResponding.swift in Sources */ = {isa = PBXBuildFile; fileRef = OBJ_42 /* EndpointResponding.swift */; };
		OBJ_102 /* EndpointResponse.swift in Sources */ = {isa = PBXBuildFile; fileRef = OBJ_43 /* EndpointResponse.swift */; };
		OBJ_103 /* LineFragment.swift in Sources */ = {isa = PBXBuildFile; fileRef = OBJ_44 /* LineFragment.swift */; };
		OBJ_104 /* NodeList.swift in Sources */ = {isa = PBXBuildFile; fileRef = OBJ_45 /* NodeList.swift */; };
		OBJ_105 /* Ratio.swift in Sources */ = {isa = PBXBuildFile; fileRef = OBJ_46 /* Ratio.swift */; };
		OBJ_106 /* Result.swift in Sources */ = {isa = PBXBuildFile; fileRef = OBJ_47 /* Result.swift */; };
		OBJ_107 /* TouchPoint.swift in Sources */ = {isa = PBXBuildFile; fileRef = OBJ_48 /* TouchPoint.swift */; };
		OBJ_108 /* HasNameAndSummary.swift in Sources */ = {isa = PBXBuildFile; fileRef = OBJ_50 /* HasNameAndSummary.swift */; };
		OBJ_109 /* ModelFactory.swift in Sources */ = {isa = PBXBuildFile; fileRef = OBJ_51 /* ModelFactory.swift */; };
		OBJ_110 /* UniqueIdentifiable.swift in Sources */ = {isa = PBXBuildFile; fileRef = OBJ_52 /* UniqueIdentifiable.swift */; };
		OBJ_111 /* Closures.swift in Sources */ = {isa = PBXBuildFile; fileRef = OBJ_54 /* Closures.swift */; };
		OBJ_112 /* MapReduceFilter.swift in Sources */ = {isa = PBXBuildFile; fileRef = OBJ_55 /* MapReduceFilter.swift */; };
		OBJ_113 /* Metatype.swift in Sources */ = {isa = PBXBuildFile; fileRef = OBJ_56 /* Metatype.swift */; };
		OBJ_114 /* RawRepresentable+Extensions.swift in Sources */ = {isa = PBXBuildFile; fileRef = OBJ_57 /* RawRepresentable+Extensions.swift */; };
		OBJ_121 /* Package.swift in Sources */ = {isa = PBXBuildFile; fileRef = OBJ_6 /* Package.swift */; };
		OBJ_132 /* CollectionExtensionTests.swift in Sources */ = {isa = PBXBuildFile; fileRef = OBJ_60 /* CollectionExtensionTests.swift */; };
		OBJ_133 /* ColorTests.swift in Sources */ = {isa = PBXBuildFile; fileRef = OBJ_61 /* ColorTests.swift */; };
		OBJ_134 /* CommonTests.swift in Sources */ = {isa = PBXBuildFile; fileRef = OBJ_62 /* CommonTests.swift */; };
		OBJ_135 /* DataStoreTests.swift in Sources */ = {isa = PBXBuildFile; fileRef = OBJ_63 /* DataStoreTests.swift */; };
		OBJ_136 /* KeyTests.swift in Sources */ = {isa = PBXBuildFile; fileRef = OBJ_64 /* KeyTests.swift */; };
		OBJ_138 /* Common.framework in Frameworks */ = {isa = PBXBuildFile; fileRef = "Common::Common::Product" /* Common.framework */; };
		OBJ_74 /* DataProviding.swift in Sources */ = {isa = PBXBuildFile; fileRef = OBJ_11 /* DataProviding.swift */; };
		OBJ_75 /* DataStore.swift in Sources */ = {isa = PBXBuildFile; fileRef = OBJ_12 /* DataStore.swift */; };
		OBJ_76 /* Identifier.swift in Sources */ = {isa = PBXBuildFile; fileRef = OBJ_13 /* Identifier.swift */; };
		OBJ_77 /* Key.swift in Sources */ = {isa = PBXBuildFile; fileRef = OBJ_14 /* Key.swift */; };
		OBJ_78 /* EndpointClient.swift in Sources */ = {isa = PBXBuildFile; fileRef = OBJ_16 /* EndpointClient.swift */; };
		OBJ_79 /* EndpointRequesting.swift in Sources */ = {isa = PBXBuildFile; fileRef = OBJ_17 /* EndpointRequesting.swift */; };
		OBJ_80 /* Environment.swift in Sources */ = {isa = PBXBuildFile; fileRef = OBJ_18 /* Environment.swift */; };
		OBJ_81 /* JSON.swift in Sources */ = {isa = PBXBuildFile; fileRef = OBJ_19 /* JSON.swift */; };
		OBJ_82 /* Array+Extensions.swift in Sources */ = {isa = PBXBuildFile; fileRef = OBJ_21 /* Array+Extensions.swift */; };
		OBJ_83 /* Bool+Extensions.swift in Sources */ = {isa = PBXBuildFile; fileRef = OBJ_22 /* Bool+Extensions.swift */; };
		OBJ_84 /* CGFloat+Extensions.swift in Sources */ = {isa = PBXBuildFile; fileRef = OBJ_23 /* CGFloat+Extensions.swift */; };
		OBJ_85 /* CGPoint+Extensions.swift in Sources */ = {isa = PBXBuildFile; fileRef = OBJ_24 /* CGPoint+Extensions.swift */; };
		OBJ_86 /* CGRect+Extensions.swift in Sources */ = {isa = PBXBuildFile; fileRef = OBJ_25 /* CGRect+Extensions.swift */; };
		OBJ_87 /* CGSize+Extensions.swift in Sources */ = {isa = PBXBuildFile; fileRef = OBJ_26 /* CGSize+Extensions.swift */; };
		OBJ_88 /* Codable+Extensions.swift in Sources */ = {isa = PBXBuildFile; fileRef = OBJ_27 /* Codable+Extensions.swift */; };
		OBJ_89 /* Collection+Extensions.swift in Sources */ = {isa = PBXBuildFile; fileRef = OBJ_28 /* Collection+Extensions.swift */; };
		OBJ_90 /* Dictionary+Extensions.swift in Sources */ = {isa = PBXBuildFile; fileRef = OBJ_29 /* Dictionary+Extensions.swift */; };
		OBJ_91 /* Error+Extensions.swift in Sources */ = {isa = PBXBuildFile; fileRef = OBJ_30 /* Error+Extensions.swift */; };
		OBJ_92 /* Optional+Extensions.swift in Sources */ = {isa = PBXBuildFile; fileRef = OBJ_31 /* Optional+Extensions.swift */; };
		OBJ_93 /* Range+Extensions.swift in Sources */ = {isa = PBXBuildFile; fileRef = OBJ_32 /* Range+Extensions.swift */; };
		OBJ_94 /* Sequence+Extensions.swift in Sources */ = {isa = PBXBuildFile; fileRef = OBJ_33 /* Sequence+Extensions.swift */; };
		OBJ_95 /* String+Extensions.swift in Sources */ = {isa = PBXBuildFile; fileRef = OBJ_34 /* String+Extensions.swift */; };
		OBJ_96 /* URLSession+Extensions.swift in Sources */ = {isa = PBXBuildFile; fileRef = OBJ_35 /* URLSession+Extensions.swift */; };
		OBJ_97 /* UserDefaults+Extensions.swift in Sources */ = {isa = PBXBuildFile; fileRef = OBJ_36 /* UserDefaults+Extensions.swift */; };
		OBJ_98 /* HTTPMethod.swift in Sources */ = {isa = PBXBuildFile; fileRef = OBJ_38 /* HTTPMethod.swift */; };
		OBJ_99 /* Color.swift in Sources */ = {isa = PBXBuildFile; fileRef = OBJ_40 /* Color.swift */; };
/* End PBXBuildFile section */

/* Begin PBXContainerItemProxy section */
		866157F52284E712007D97CA /* PBXContainerItemProxy */ = {
			isa = PBXContainerItemProxy;
			containerPortal = OBJ_1 /* Project object */;
			proxyType = 1;
			remoteGlobalIDString = "Common::Common";
			remoteInfo = Common;
		};
		866157F62284E813007D97CA /* PBXContainerItemProxy */ = {
			isa = PBXContainerItemProxy;
			containerPortal = OBJ_1 /* Project object */;
			proxyType = 1;
			remoteGlobalIDString = "Common::CommonTests";
			remoteInfo = CommonTests;
		};
/* End PBXContainerItemProxy section */

/* Begin PBXFileReference section */
		"Common::Common::Product" /* Common.framework */ = {isa = PBXFileReference; explicitFileType = wrapper.framework; path = Common.framework; sourceTree = BUILT_PRODUCTS_DIR; };
		"Common::CommonTests::Product" /* CommonTests.xctest */ = {isa = PBXFileReference; lastKnownFileType = file; path = CommonTests.xctest; sourceTree = BUILT_PRODUCTS_DIR; };
		OBJ_11 /* DataProviding.swift */ = {isa = PBXFileReference; lastKnownFileType = sourcecode.swift; path = DataProviding.swift; sourceTree = "<group>"; };
		OBJ_12 /* DataStore.swift */ = {isa = PBXFileReference; lastKnownFileType = sourcecode.swift; path = DataStore.swift; sourceTree = "<group>"; };
		OBJ_13 /* Identifier.swift */ = {isa = PBXFileReference; lastKnownFileType = sourcecode.swift; path = Identifier.swift; sourceTree = "<group>"; };
		OBJ_14 /* Key.swift */ = {isa = PBXFileReference; lastKnownFileType = sourcecode.swift; path = Key.swift; sourceTree = "<group>"; };
		OBJ_16 /* EndpointClient.swift */ = {isa = PBXFileReference; lastKnownFileType = sourcecode.swift; path = EndpointClient.swift; sourceTree = "<group>"; };
		OBJ_17 /* EndpointRequesting.swift */ = {isa = PBXFileReference; lastKnownFileType = sourcecode.swift; path = EndpointRequesting.swift; sourceTree = "<group>"; };
		OBJ_18 /* Environment.swift */ = {isa = PBXFileReference; lastKnownFileType = sourcecode.swift; path = Environment.swift; sourceTree = "<group>"; };
		OBJ_19 /* JSON.swift */ = {isa = PBXFileReference; lastKnownFileType = sourcecode.swift; path = JSON.swift; sourceTree = "<group>"; };
		OBJ_21 /* Array+Extensions.swift */ = {isa = PBXFileReference; lastKnownFileType = sourcecode.swift; path = "Array+Extensions.swift"; sourceTree = "<group>"; };
		OBJ_22 /* Bool+Extensions.swift */ = {isa = PBXFileReference; lastKnownFileType = sourcecode.swift; path = "Bool+Extensions.swift"; sourceTree = "<group>"; };
		OBJ_23 /* CGFloat+Extensions.swift */ = {isa = PBXFileReference; lastKnownFileType = sourcecode.swift; path = "CGFloat+Extensions.swift"; sourceTree = "<group>"; };
		OBJ_24 /* CGPoint+Extensions.swift */ = {isa = PBXFileReference; lastKnownFileType = sourcecode.swift; path = "CGPoint+Extensions.swift"; sourceTree = "<group>"; };
		OBJ_25 /* CGRect+Extensions.swift */ = {isa = PBXFileReference; lastKnownFileType = sourcecode.swift; path = "CGRect+Extensions.swift"; sourceTree = "<group>"; };
		OBJ_26 /* CGSize+Extensions.swift */ = {isa = PBXFileReference; lastKnownFileType = sourcecode.swift; path = "CGSize+Extensions.swift"; sourceTree = "<group>"; };
		OBJ_27 /* Codable+Extensions.swift */ = {isa = PBXFileReference; lastKnownFileType = sourcecode.swift; path = "Codable+Extensions.swift"; sourceTree = "<group>"; };
		OBJ_28 /* Collection+Extensions.swift */ = {isa = PBXFileReference; lastKnownFileType = sourcecode.swift; path = "Collection+Extensions.swift"; sourceTree = "<group>"; };
		OBJ_29 /* Dictionary+Extensions.swift */ = {isa = PBXFileReference; lastKnownFileType = sourcecode.swift; path = "Dictionary+Extensions.swift"; sourceTree = "<group>"; };
		OBJ_30 /* Error+Extensions.swift */ = {isa = PBXFileReference; lastKnownFileType = sourcecode.swift; path = "Error+Extensions.swift"; sourceTree = "<group>"; };
		OBJ_31 /* Optional+Extensions.swift */ = {isa = PBXFileReference; lastKnownFileType = sourcecode.swift; path = "Optional+Extensions.swift"; sourceTree = "<group>"; };
		OBJ_32 /* Range+Extensions.swift */ = {isa = PBXFileReference; lastKnownFileType = sourcecode.swift; path = "Range+Extensions.swift"; sourceTree = "<group>"; };
		OBJ_33 /* Sequence+Extensions.swift */ = {isa = PBXFileReference; lastKnownFileType = sourcecode.swift; path = "Sequence+Extensions.swift"; sourceTree = "<group>"; };
		OBJ_34 /* String+Extensions.swift */ = {isa = PBXFileReference; lastKnownFileType = sourcecode.swift; path = "String+Extensions.swift"; sourceTree = "<group>"; };
		OBJ_35 /* URLSession+Extensions.swift */ = {isa = PBXFileReference; lastKnownFileType = sourcecode.swift; path = "URLSession+Extensions.swift"; sourceTree = "<group>"; };
		OBJ_36 /* UserDefaults+Extensions.swift */ = {isa = PBXFileReference; lastKnownFileType = sourcecode.swift; path = "UserDefaults+Extensions.swift"; sourceTree = "<group>"; };
		OBJ_38 /* HTTPMethod.swift */ = {isa = PBXFileReference; lastKnownFileType = sourcecode.swift; path = HTTPMethod.swift; sourceTree = "<group>"; };
		OBJ_40 /* Color.swift */ = {isa = PBXFileReference; lastKnownFileType = sourcecode.swift; path = Color.swift; sourceTree = "<group>"; };
		OBJ_41 /* Either.swift */ = {isa = PBXFileReference; lastKnownFileType = sourcecode.swift; path = Either.swift; sourceTree = "<group>"; };
		OBJ_42 /* EndpointResponding.swift */ = {isa = PBXFileReference; lastKnownFileType = sourcecode.swift; path = EndpointResponding.swift; sourceTree = "<group>"; };
		OBJ_43 /* EndpointResponse.swift */ = {isa = PBXFileReference; lastKnownFileType = sourcecode.swift; path = EndpointResponse.swift; sourceTree = "<group>"; };
		OBJ_44 /* LineFragment.swift */ = {isa = PBXFileReference; lastKnownFileType = sourcecode.swift; path = LineFragment.swift; sourceTree = "<group>"; };
		OBJ_45 /* NodeList.swift */ = {isa = PBXFileReference; lastKnownFileType = sourcecode.swift; path = NodeList.swift; sourceTree = "<group>"; };
		OBJ_46 /* Ratio.swift */ = {isa = PBXFileReference; lastKnownFileType = sourcecode.swift; path = Ratio.swift; sourceTree = "<group>"; };
		OBJ_47 /* Result.swift */ = {isa = PBXFileReference; lastKnownFileType = sourcecode.swift; path = Result.swift; sourceTree = "<group>"; };
		OBJ_48 /* TouchPoint.swift */ = {isa = PBXFileReference; lastKnownFileType = sourcecode.swift; path = TouchPoint.swift; sourceTree = "<group>"; };
		OBJ_50 /* HasNameAndSummary.swift */ = {isa = PBXFileReference; lastKnownFileType = sourcecode.swift; path = HasNameAndSummary.swift; sourceTree = "<group>"; };
		OBJ_51 /* ModelFactory.swift */ = {isa = PBXFileReference; lastKnownFileType = sourcecode.swift; path = ModelFactory.swift; sourceTree = "<group>"; };
		OBJ_52 /* UniqueIdentifiable.swift */ = {isa = PBXFileReference; lastKnownFileType = sourcecode.swift; path = UniqueIdentifiable.swift; sourceTree = "<group>"; };
		OBJ_54 /* Closures.swift */ = {isa = PBXFileReference; lastKnownFileType = sourcecode.swift; path = Closures.swift; sourceTree = "<group>"; };
		OBJ_55 /* MapReduceFilter.swift */ = {isa = PBXFileReference; lastKnownFileType = sourcecode.swift; path = MapReduceFilter.swift; sourceTree = "<group>"; };
		OBJ_56 /* Metatype.swift */ = {isa = PBXFileReference; lastKnownFileType = sourcecode.swift; path = Metatype.swift; sourceTree = "<group>"; };
		OBJ_57 /* RawRepresentable+Extensions.swift */ = {isa = PBXFileReference; lastKnownFileType = sourcecode.swift; path = "RawRepresentable+Extensions.swift"; sourceTree = "<group>"; };
		OBJ_59 /* Info.plist */ = {isa = PBXFileReference; lastKnownFileType = text.plist.xml; path = Info.plist; sourceTree = "<group>"; };
		OBJ_6 /* Package.swift */ = {isa = PBXFileReference; explicitFileType = sourcecode.swift; path = Package.swift; sourceTree = "<group>"; };
		OBJ_60 /* CollectionExtensionTests.swift */ = {isa = PBXFileReference; lastKnownFileType = sourcecode.swift; path = CollectionExtensionTests.swift; sourceTree = "<group>"; };
		OBJ_61 /* ColorTests.swift */ = {isa = PBXFileReference; lastKnownFileType = sourcecode.swift; path = ColorTests.swift; sourceTree = "<group>"; };
		OBJ_62 /* CommonTests.swift */ = {isa = PBXFileReference; lastKnownFileType = sourcecode.swift; path = CommonTests.swift; sourceTree = "<group>"; };
		OBJ_63 /* DataStoreTests.swift */ = {isa = PBXFileReference; lastKnownFileType = sourcecode.swift; path = DataStoreTests.swift; sourceTree = "<group>"; };
		OBJ_64 /* KeyTests.swift */ = {isa = PBXFileReference; lastKnownFileType = sourcecode.swift; path = KeyTests.swift; sourceTree = "<group>"; };
		OBJ_68 /* Cartfile */ = {isa = PBXFileReference; lastKnownFileType = text; path = Cartfile; sourceTree = "<group>"; };
		OBJ_8 /* Info.plist */ = {isa = PBXFileReference; lastKnownFileType = text.plist.xml; path = Info.plist; sourceTree = "<group>"; };
/* End PBXFileReference section */

/* Begin PBXFrameworksBuildPhase section */
		OBJ_115 /* Frameworks */ = {
			isa = PBXFrameworksBuildPhase;
			buildActionMask = 0;
			files = (
			);
			runOnlyForDeploymentPostprocessing = 0;
		};
		OBJ_137 /* Frameworks */ = {
			isa = PBXFrameworksBuildPhase;
			buildActionMask = 0;
			files = (
				OBJ_138 /* Common.framework in Frameworks */,
			);
			runOnlyForDeploymentPostprocessing = 0;
		};
/* End PBXFrameworksBuildPhase section */

/* Begin PBXGroup section */
		OBJ_10 /* DataStore */ = {
			isa = PBXGroup;
			children = (
				OBJ_11 /* DataProviding.swift */,
				OBJ_12 /* DataStore.swift */,
				OBJ_13 /* Identifier.swift */,
				OBJ_14 /* Key.swift */,
			);
			path = DataStore;
			sourceTree = "<group>";
		};
		OBJ_15 /* Endpoints */ = {
			isa = PBXGroup;
			children = (
				OBJ_16 /* EndpointClient.swift */,
				OBJ_17 /* EndpointRequesting.swift */,
				OBJ_18 /* Environment.swift */,
				OBJ_19 /* JSON.swift */,
			);
			path = Endpoints;
			sourceTree = "<group>";
		};
		OBJ_20 /* FoundationExtensions */ = {
			isa = PBXGroup;
			children = (
				OBJ_21 /* Array+Extensions.swift */,
				OBJ_22 /* Bool+Extensions.swift */,
				OBJ_23 /* CGFloat+Extensions.swift */,
				OBJ_24 /* CGPoint+Extensions.swift */,
				OBJ_25 /* CGRect+Extensions.swift */,
				OBJ_26 /* CGSize+Extensions.swift */,
				OBJ_27 /* Codable+Extensions.swift */,
				OBJ_28 /* Collection+Extensions.swift */,
				OBJ_29 /* Dictionary+Extensions.swift */,
				OBJ_30 /* Error+Extensions.swift */,
				OBJ_31 /* Optional+Extensions.swift */,
				OBJ_32 /* Range+Extensions.swift */,
				OBJ_33 /* Sequence+Extensions.swift */,
				OBJ_34 /* String+Extensions.swift */,
				OBJ_35 /* URLSession+Extensions.swift */,
				OBJ_36 /* UserDefaults+Extensions.swift */,
			);
			path = FoundationExtensions;
			sourceTree = "<group>";
		};
		OBJ_37 /* Networking */ = {
			isa = PBXGroup;
			children = (
				OBJ_38 /* HTTPMethod.swift */,
			);
			path = Networking;
			sourceTree = "<group>";
		};
		OBJ_39 /* Primitives */ = {
			isa = PBXGroup;
			children = (
				OBJ_40 /* Color.swift */,
				OBJ_41 /* Either.swift */,
				OBJ_42 /* EndpointResponding.swift */,
				OBJ_43 /* EndpointResponse.swift */,
				OBJ_44 /* LineFragment.swift */,
				OBJ_45 /* NodeList.swift */,
				OBJ_46 /* Ratio.swift */,
				OBJ_47 /* Result.swift */,
				OBJ_48 /* TouchPoint.swift */,
			);
			path = Primitives;
			sourceTree = "<group>";
		};
		OBJ_49 /* Protocols */ = {
			isa = PBXGroup;
			children = (
				OBJ_50 /* HasNameAndSummary.swift */,
				OBJ_51 /* ModelFactory.swift */,
				OBJ_52 /* UniqueIdentifiable.swift */,
			);
			path = Protocols;
			sourceTree = "<group>";
		};
		OBJ_5 = {
			isa = PBXGroup;
			children = (
				OBJ_6 /* Package.swift */,
				OBJ_7 /* Sources */,
				OBJ_58 /* Tests */,
				OBJ_65 /* Products */,
				OBJ_68 /* Cartfile */,
			);
			sourceTree = "<group>";
		};
		OBJ_53 /* SwiftExtensions */ = {
			isa = PBXGroup;
			children = (
				OBJ_54 /* Closures.swift */,
				OBJ_55 /* MapReduceFilter.swift */,
				OBJ_56 /* Metatype.swift */,
				OBJ_57 /* RawRepresentable+Extensions.swift */,
			);
			path = SwiftExtensions;
			sourceTree = "<group>";
		};
		OBJ_58 /* Tests */ = {
			isa = PBXGroup;
			children = (
				OBJ_59 /* Info.plist */,
				OBJ_60 /* CollectionExtensionTests.swift */,
				OBJ_61 /* ColorTests.swift */,
				OBJ_62 /* CommonTests.swift */,
				OBJ_63 /* DataStoreTests.swift */,
				OBJ_64 /* KeyTests.swift */,
			);
			path = Tests;
			sourceTree = SOURCE_ROOT;
		};
		OBJ_65 /* Products */ = {
			isa = PBXGroup;
			children = (
				"Common::Common::Product" /* Common.framework */,
				"Common::CommonTests::Product" /* CommonTests.xctest */,
			);
			name = Products;
			sourceTree = BUILT_PRODUCTS_DIR;
		};
		OBJ_7 /* Sources */ = {
			isa = PBXGroup;
			children = (
				OBJ_8 /* Info.plist */,
				OBJ_9 /* Common */,
			);
			path = Sources;
			sourceTree = SOURCE_ROOT;
		};
		OBJ_9 /* Common */ = {
			isa = PBXGroup;
			children = (
				OBJ_10 /* DataStore */,
				OBJ_15 /* Endpoints */,
				OBJ_20 /* FoundationExtensions */,
				OBJ_37 /* Networking */,
				OBJ_39 /* Primitives */,
				OBJ_49 /* Protocols */,
				OBJ_53 /* SwiftExtensions */,
			);
			path = Common;
			sourceTree = "<group>";
		};
/* End PBXGroup section */

/* Begin PBXNativeTarget section */
		"Common::Common" /* Common */ = {
			isa = PBXNativeTarget;
			buildConfigurationList = OBJ_70 /* Build configuration list for PBXNativeTarget "Common" */;
			buildPhases = (
				OBJ_73 /* Sources */,
				OBJ_115 /* Frameworks */,
			);
			buildRules = (
			);
			dependencies = (
			);
			name = Common;
			productName = Common;
			productReference = "Common::Common::Product" /* Common.framework */;
			productType = "com.apple.product-type.framework";
		};
		"Common::CommonTests" /* CommonTests */ = {
			isa = PBXNativeTarget;
			buildConfigurationList = OBJ_128 /* Build configuration list for PBXNativeTarget "CommonTests" */;
			buildPhases = (
				OBJ_131 /* Sources */,
				OBJ_137 /* Frameworks */,
			);
			buildRules = (
			);
			dependencies = (
				OBJ_139 /* PBXTargetDependency */,
			);
			name = CommonTests;
			productName = CommonTests;
			productReference = "Common::CommonTests::Product" /* CommonTests.xctest */;
			productType = "com.apple.product-type.bundle.unit-test";
		};
		"Common::SwiftPMPackageDescription" /* CommonPackageDescription */ = {
			isa = PBXNativeTarget;
			buildConfigurationList = OBJ_117 /* Build configuration list for PBXNativeTarget "CommonPackageDescription" */;
			buildPhases = (
				OBJ_120 /* Sources */,
			);
			buildRules = (
			);
			dependencies = (
			);
			name = CommonPackageDescription;
			productName = CommonPackageDescription;
			productType = "com.apple.product-type.framework";
		};
/* End PBXNativeTarget section */

/* Begin PBXProject section */
		OBJ_1 /* Project object */ = {
			isa = PBXProject;
			attributes = {
				LastSwiftMigration = 9999;
				LastUpgradeCheck = 9999;
				TargetAttributes = {
					"Common::Common" = {
						ProvisioningStyle = Automatic;
					};
					"Common::SwiftPMPackageDescription" = {
						ProvisioningStyle = Automatic;
					};
				};
			};
			buildConfigurationList = OBJ_2 /* Build configuration list for PBXProject "Common" */;
			compatibilityVersion = "Xcode 3.2";
			developmentRegion = English;
			hasScannedForEncodings = 0;
			knownRegions = (
				English,
				en,
			);
			mainGroup = OBJ_5;
			productRefGroup = OBJ_65 /* Products */;
			projectDirPath = "";
			projectRoot = "";
			targets = (
				"Common::Common" /* Common */,
				"Common::SwiftPMPackageDescription" /* CommonPackageDescription */,
				"Common::CommonPackageTests::ProductTarget" /* CommonPackageTests */,
				"Common::CommonTests" /* CommonTests */,
			);
		};
/* End PBXProject section */

/* Begin PBXSourcesBuildPhase section */
		OBJ_120 /* Sources */ = {
			isa = PBXSourcesBuildPhase;
			buildActionMask = 0;
			files = (
				OBJ_121 /* Package.swift in Sources */,
			);
			runOnlyForDeploymentPostprocessing = 0;
		};
		OBJ_131 /* Sources */ = {
			isa = PBXSourcesBuildPhase;
			buildActionMask = 0;
			files = (
				OBJ_132 /* CollectionExtensionTests.swift in Sources */,
				OBJ_133 /* ColorTests.swift in Sources */,
				OBJ_134 /* CommonTests.swift in Sources */,
				OBJ_135 /* DataStoreTests.swift in Sources */,
				OBJ_136 /* KeyTests.swift in Sources */,
			);
			runOnlyForDeploymentPostprocessing = 0;
		};
		OBJ_73 /* Sources */ = {
			isa = PBXSourcesBuildPhase;
			buildActionMask = 0;
			files = (
				OBJ_74 /* DataProviding.swift in Sources */,
				OBJ_75 /* DataStore.swift in Sources */,
				OBJ_76 /* Identifier.swift in Sources */,
				OBJ_77 /* Key.swift in Sources */,
				OBJ_78 /* EndpointClient.swift in Sources */,
				OBJ_79 /* EndpointRequesting.swift in Sources */,
				OBJ_80 /* Environment.swift in Sources */,
				OBJ_81 /* JSON.swift in Sources */,
				OBJ_82 /* Array+Extensions.swift in Sources */,
				OBJ_83 /* Bool+Extensions.swift in Sources */,
				OBJ_84 /* CGFloat+Extensions.swift in Sources */,
				OBJ_85 /* CGPoint+Extensions.swift in Sources */,
				OBJ_86 /* CGRect+Extensions.swift in Sources */,
				OBJ_87 /* CGSize+Extensions.swift in Sources */,
				OBJ_88 /* Codable+Extensions.swift in Sources */,
				OBJ_89 /* Collection+Extensions.swift in Sources */,
				OBJ_90 /* Dictionary+Extensions.swift in Sources */,
				OBJ_91 /* Error+Extensions.swift in Sources */,
				OBJ_92 /* Optional+Extensions.swift in Sources */,
				OBJ_93 /* Range+Extensions.swift in Sources */,
				OBJ_94 /* Sequence+Extensions.swift in Sources */,
				OBJ_95 /* String+Extensions.swift in Sources */,
				OBJ_96 /* URLSession+Extensions.swift in Sources */,
				OBJ_97 /* UserDefaults+Extensions.swift in Sources */,
				OBJ_98 /* HTTPMethod.swift in Sources */,
				OBJ_99 /* Color.swift in Sources */,
				OBJ_100 /* Either.swift in Sources */,
				OBJ_101 /* EndpointResponding.swift in Sources */,
				OBJ_102 /* EndpointResponse.swift in Sources */,
				OBJ_103 /* LineFragment.swift in Sources */,
				OBJ_104 /* NodeList.swift in Sources */,
				OBJ_105 /* Ratio.swift in Sources */,
				OBJ_106 /* Result.swift in Sources */,
				OBJ_107 /* TouchPoint.swift in Sources */,
				OBJ_108 /* HasNameAndSummary.swift in Sources */,
				OBJ_109 /* ModelFactory.swift in Sources */,
				OBJ_110 /* UniqueIdentifiable.swift in Sources */,
				OBJ_111 /* Closures.swift in Sources */,
				OBJ_112 /* MapReduceFilter.swift in Sources */,
				OBJ_113 /* Metatype.swift in Sources */,
				OBJ_114 /* RawRepresentable+Extensions.swift in Sources */,
			);
			runOnlyForDeploymentPostprocessing = 0;
		};
/* End PBXSourcesBuildPhase section */

/* Begin PBXTargetDependency section */
		OBJ_126 /* PBXTargetDependency */ = {
			isa = PBXTargetDependency;
			target = "Common::CommonTests" /* CommonTests */;
			targetProxy = 866157F62284E813007D97CA /* PBXContainerItemProxy */;
		};
		OBJ_139 /* PBXTargetDependency */ = {
			isa = PBXTargetDependency;
			target = "Common::Common" /* Common */;
			targetProxy = 866157F52284E712007D97CA /* PBXContainerItemProxy */;
		};
/* End PBXTargetDependency section */

/* Begin XCBuildConfiguration section */
		OBJ_118 /* Debug */ = {
			isa = XCBuildConfiguration;
			buildSettings = {
				CODE_SIGN_IDENTITY = "Mac Developer";
				CODE_SIGN_STYLE = Automatic;
				DEVELOPMENT_TEAM = "";
				INFOPLIST_FILE = "$(SRCROOT)/Sources/Info.plist";
				LD = /usr/bin/true;
				OTHER_SWIFT_FLAGS = "-swift-version 5 -I $(TOOLCHAIN_DIR)/usr/lib/swift/pm/4_2 -target x86_64-apple-macosx10.10 -sdk /Applications/Xcode.app/Contents/Developer/Platforms/MacOSX.platform/Developer/SDKs/MacOSX10.14.sdk";
				PROVISIONING_PROFILE_SPECIFIER = "";
				SWIFT_VERSION = 5.0;
			};
			name = Debug;
		};
		OBJ_119 /* Release */ = {
			isa = XCBuildConfiguration;
			buildSettings = {
				CODE_SIGN_IDENTITY = "Mac Developer";
				CODE_SIGN_STYLE = Automatic;
				DEVELOPMENT_TEAM = "";
				INFOPLIST_FILE = "$(SRCROOT)/Sources/Info.plist";
				LD = /usr/bin/true;
				OTHER_SWIFT_FLAGS = "-swift-version 5 -I $(TOOLCHAIN_DIR)/usr/lib/swift/pm/4_2 -target x86_64-apple-macosx10.10 -sdk /Applications/Xcode.app/Contents/Developer/Platforms/MacOSX.platform/Developer/SDKs/MacOSX10.14.sdk";
				PROVISIONING_PROFILE_SPECIFIER = "";
				SWIFT_VERSION = 5.0;
			};
			name = Release;
		};
		OBJ_124 /* Debug */ = {
			isa = XCBuildConfiguration;
			buildSettings = {
			};
			name = Debug;
		};
		OBJ_125 /* Release */ = {
			isa = XCBuildConfiguration;
			buildSettings = {
			};
			name = Release;
		};
		OBJ_129 /* Debug */ = {
			isa = XCBuildConfiguration;
			buildSettings = {
				CLANG_ENABLE_MODULES = YES;
				EMBEDDED_CONTENT_CONTAINS_SWIFT = YES;
				FRAMEWORK_SEARCH_PATHS = (
					"$(inherited)",
					"$(PLATFORM_DIR)/Developer/Library/Frameworks",
				);
				HEADER_SEARCH_PATHS = "$(inherited)";
				INFOPLIST_FILE = Common.xcodeproj/CommonTests_Info.plist;
				IPHONEOS_DEPLOYMENT_TARGET = 8.0;
				LD_RUNPATH_SEARCH_PATHS = "$(inherited) @loader_path/../Frameworks @loader_path/Frameworks";
				MACOSX_DEPLOYMENT_TARGET = 10.10;
				OTHER_CFLAGS = "$(inherited)";
				OTHER_LDFLAGS = "$(inherited)";
				OTHER_SWIFT_FLAGS = "$(inherited)";
				SWIFT_ACTIVE_COMPILATION_CONDITIONS = "$(inherited)";
				SWIFT_VERSION = 5.0;
				TARGET_NAME = CommonTests;
				TVOS_DEPLOYMENT_TARGET = 9.0;
				WATCHOS_DEPLOYMENT_TARGET = 2.0;
			};
			name = Debug;
		};
		OBJ_130 /* Release */ = {
			isa = XCBuildConfiguration;
			buildSettings = {
				CLANG_ENABLE_MODULES = YES;
				EMBEDDED_CONTENT_CONTAINS_SWIFT = YES;
				FRAMEWORK_SEARCH_PATHS = (
					"$(inherited)",
					"$(PLATFORM_DIR)/Developer/Library/Frameworks",
				);
				HEADER_SEARCH_PATHS = "$(inherited)";
				INFOPLIST_FILE = Common.xcodeproj/CommonTests_Info.plist;
				IPHONEOS_DEPLOYMENT_TARGET = 8.0;
				LD_RUNPATH_SEARCH_PATHS = "$(inherited) @loader_path/../Frameworks @loader_path/Frameworks";
				MACOSX_DEPLOYMENT_TARGET = 10.10;
				OTHER_CFLAGS = "$(inherited)";
				OTHER_LDFLAGS = "$(inherited)";
				OTHER_SWIFT_FLAGS = "$(inherited)";
				SWIFT_ACTIVE_COMPILATION_CONDITIONS = "$(inherited)";
				SWIFT_VERSION = 5.0;
				TARGET_NAME = CommonTests;
				TVOS_DEPLOYMENT_TARGET = 9.0;
				WATCHOS_DEPLOYMENT_TARGET = 2.0;
			};
			name = Release;
		};
		OBJ_3 /* Debug */ = {
			isa = XCBuildConfiguration;
			buildSettings = {
				CLANG_ENABLE_OBJC_ARC = YES;
				COMBINE_HIDPI_IMAGES = YES;
				COPY_PHASE_STRIP = NO;
				DEBUG_INFORMATION_FORMAT = dwarf;
				DYLIB_INSTALL_NAME_BASE = "@rpath";
				ENABLE_NS_ASSERTIONS = YES;
				GCC_OPTIMIZATION_LEVEL = 0;
				GCC_PREPROCESSOR_DEFINITIONS = (
					"$(inherited)",
					"SWIFT_PACKAGE=1",
					"DEBUG=1",
				);
				MACOSX_DEPLOYMENT_TARGET = 10.10;
				ONLY_ACTIVE_ARCH = YES;
				OTHER_SWIFT_FLAGS = "-DXcode";
				PRODUCT_NAME = "$(TARGET_NAME)";
				SDKROOT = macosx;
				SUPPORTED_PLATFORMS = "macosx iphoneos iphonesimulator appletvos appletvsimulator watchos watchsimulator";
				SWIFT_ACTIVE_COMPILATION_CONDITIONS = "$(inherited) SWIFT_PACKAGE DEBUG";
				SWIFT_OPTIMIZATION_LEVEL = "-Onone";
				USE_HEADERMAP = NO;
			};
			name = Debug;
		};
		OBJ_4 /* Release */ = {
			isa = XCBuildConfiguration;
			buildSettings = {
				CLANG_ENABLE_OBJC_ARC = YES;
				COMBINE_HIDPI_IMAGES = YES;
				COPY_PHASE_STRIP = YES;
				DEBUG_INFORMATION_FORMAT = "dwarf-with-dsym";
				DYLIB_INSTALL_NAME_BASE = "@rpath";
				GCC_OPTIMIZATION_LEVEL = s;
				GCC_PREPROCESSOR_DEFINITIONS = (
					"$(inherited)",
					"SWIFT_PACKAGE=1",
				);
				MACOSX_DEPLOYMENT_TARGET = 10.10;
				OTHER_SWIFT_FLAGS = "-DXcode";
				PRODUCT_NAME = "$(TARGET_NAME)";
				SDKROOT = macosx;
				SUPPORTED_PLATFORMS = "macosx iphoneos iphonesimulator appletvos appletvsimulator watchos watchsimulator";
				SWIFT_ACTIVE_COMPILATION_CONDITIONS = "$(inherited) SWIFT_PACKAGE";
				SWIFT_OPTIMIZATION_LEVEL = "-Owholemodule";
				USE_HEADERMAP = NO;
			};
			name = Release;
		};
		OBJ_71 /* Debug */ = {
			isa = XCBuildConfiguration;
			buildSettings = {
				CODE_SIGN_IDENTITY = "Mac Developer";
				CODE_SIGN_STYLE = Automatic;
				DEVELOPMENT_TEAM = "";
				ENABLE_TESTABILITY = YES;
				FRAMEWORK_SEARCH_PATHS = (
					"$(inherited)",
					"$(PLATFORM_DIR)/Developer/Library/Frameworks",
				);
				HEADER_SEARCH_PATHS = "$(inherited)";
				INFOPLIST_FILE = Common.xcodeproj/Common_Info.plist;
				IPHONEOS_DEPLOYMENT_TARGET = 8.0;
				LD_RUNPATH_SEARCH_PATHS = "$(inherited) $(TOOLCHAIN_DIR)/usr/lib/swift/macosx";
				MACOSX_DEPLOYMENT_TARGET = 10.10;
				OTHER_CFLAGS = "$(inherited)";
				OTHER_LDFLAGS = "$(inherited)";
				OTHER_SWIFT_FLAGS = "$(inherited)";
				PRODUCT_BUNDLE_IDENTIFIER = Common;
				PRODUCT_MODULE_NAME = "$(TARGET_NAME:c99extidentifier)";
				PRODUCT_NAME = "$(TARGET_NAME:c99extidentifier)";
				PROVISIONING_PROFILE_SPECIFIER = "";
				SKIP_INSTALL = YES;
				SWIFT_ACTIVE_COMPILATION_CONDITIONS = "$(inherited)";
				SWIFT_VERSION = 5.0;
				TARGET_NAME = Common;
				TVOS_DEPLOYMENT_TARGET = 9.0;
				WATCHOS_DEPLOYMENT_TARGET = 2.0;
			};
			name = Debug;
		};
		OBJ_72 /* Release */ = {
			isa = XCBuildConfiguration;
			buildSettings = {
				CODE_SIGN_IDENTITY = "Mac Developer";
				CODE_SIGN_STYLE = Automatic;
				DEVELOPMENT_TEAM = "";
				ENABLE_TESTABILITY = YES;
				FRAMEWORK_SEARCH_PATHS = (
					"$(inherited)",
					"$(PLATFORM_DIR)/Developer/Library/Frameworks",
				);
				HEADER_SEARCH_PATHS = "$(inherited)";
				INFOPLIST_FILE = Common.xcodeproj/Common_Info.plist;
				IPHONEOS_DEPLOYMENT_TARGET = 8.0;
				LD_RUNPATH_SEARCH_PATHS = "$(inherited) $(TOOLCHAIN_DIR)/usr/lib/swift/macosx";
				MACOSX_DEPLOYMENT_TARGET = 10.10;
				OTHER_CFLAGS = "$(inherited)";
				OTHER_LDFLAGS = "$(inherited)";
				OTHER_SWIFT_FLAGS = "$(inherited)";
				PRODUCT_BUNDLE_IDENTIFIER = Common;
				PRODUCT_MODULE_NAME = "$(TARGET_NAME:c99extidentifier)";
				PRODUCT_NAME = "$(TARGET_NAME:c99extidentifier)";
				PROVISIONING_PROFILE_SPECIFIER = "";
				SKIP_INSTALL = YES;
				SWIFT_ACTIVE_COMPILATION_CONDITIONS = "$(inherited)";
				SWIFT_VERSION = 5.0;
				TARGET_NAME = Common;
				TVOS_DEPLOYMENT_TARGET = 9.0;
				WATCHOS_DEPLOYMENT_TARGET = 2.0;
			};
			name = Release;
		};
/* End XCBuildConfiguration section */

/* Begin XCConfigurationList section */
		OBJ_117 /* Build configuration list for PBXNativeTarget "CommonPackageDescription" */ = {
			isa = XCConfigurationList;
			buildConfigurations = (
				OBJ_118 /* Debug */,
				OBJ_119 /* Release */,
			);
			defaultConfigurationIsVisible = 0;
			defaultConfigurationName = Release;
		};
		OBJ_123 /* Build configuration list for PBXAggregateTarget "CommonPackageTests" */ = {
			isa = XCConfigurationList;
			buildConfigurations = (
				OBJ_124 /* Debug */,
				OBJ_125 /* Release */,
			);
			defaultConfigurationIsVisible = 0;
			defaultConfigurationName = Release;
		};
		OBJ_128 /* Build configuration list for PBXNativeTarget "CommonTests" */ = {
			isa = XCConfigurationList;
			buildConfigurations = (
				OBJ_129 /* Debug */,
				OBJ_130 /* Release */,
			);
			defaultConfigurationIsVisible = 0;
			defaultConfigurationName = Release;
		};
		OBJ_2 /* Build configuration list for PBXProject "Common" */ = {
			isa = XCConfigurationList;
			buildConfigurations = (
				OBJ_3 /* Debug */,
				OBJ_4 /* Release */,
			);
			defaultConfigurationIsVisible = 0;
			defaultConfigurationName = Release;
		};
		OBJ_70 /* Build configuration list for PBXNativeTarget "Common" */ = {
			isa = XCConfigurationList;
			buildConfigurations = (
				OBJ_71 /* Debug */,
				OBJ_72 /* Release */,
			);
			defaultConfigurationIsVisible = 0;
			defaultConfigurationName = Release;
		};
/* End XCConfigurationList section */
	};
	rootObject = OBJ_1 /* Project object */;
}
